// !$*UTF8*$!
{
	archiveVersion = 1;
	classes = {
	};
	objectVersion = 46;
	objects = {

/* Begin PBXBuildFile section */
		B68D03831AA8E597002F62F9 /* AppDelegate.swift in Sources */ = {isa = PBXBuildFile; fileRef = B68D03821AA8E597002F62F9 /* AppDelegate.swift */; };
		B68D03851AA8E597002F62F9 /* ViewController.swift in Sources */ = {isa = PBXBuildFile; fileRef = B68D03841AA8E597002F62F9 /* ViewController.swift */; };
		B68D03881AA8E597002F62F9 /* Main.storyboard in Resources */ = {isa = PBXBuildFile; fileRef = B68D03861AA8E597002F62F9 /* Main.storyboard */; };
		B68D038A1AA8E597002F62F9 /* Images.xcassets in Resources */ = {isa = PBXBuildFile; fileRef = B68D03891AA8E597002F62F9 /* Images.xcassets */; };
		B68D038D1AA8E597002F62F9 /* LaunchScreen.xib in Resources */ = {isa = PBXBuildFile; fileRef = B68D038B1AA8E597002F62F9 /* LaunchScreen.xib */; };
		B68D03991AA8E597002F62F9 /* _8TicTacToeTests.swift in Sources */ = {isa = PBXBuildFile; fileRef = B68D03981AA8E597002F62F9 /* _8TicTacToeTests.swift */; };
		B68D03A31AA8E6EE002F62F9 /* emptyboard.png in Resources */ = {isa = PBXBuildFile; fileRef = B68D03A21AA8E6EE002F62F9 /* emptyboard.png */; };
/* End PBXBuildFile section */

/* Begin PBXContainerItemProxy section */
		B68D03931AA8E597002F62F9 /* PBXContainerItemProxy */ = {
			isa = PBXContainerItemProxy;
			containerPortal = B68D03751AA8E596002F62F9 /* Project object */;
			proxyType = 1;
			remoteGlobalIDString = B68D037C1AA8E596002F62F9;
			remoteInfo = 18TicTacToe;
		};
/* End PBXContainerItemProxy section */

/* Begin PBXFileReference section */
		B68D037D1AA8E597002F62F9 /* 18TicTacToe.app */ = {isa = PBXFileReference; explicitFileType = wrapper.application; includeInIndex = 0; path = 18TicTacToe.app; sourceTree = BUILT_PRODUCTS_DIR; };
		B68D03811AA8E597002F62F9 /* Info.plist */ = {isa = PBXFileReference; lastKnownFileType = text.plist.xml; path = Info.plist; sourceTree = "<group>"; };
		B68D03821AA8E597002F62F9 /* AppDelegate.swift */ = {isa = PBXFileReference; lastKnownFileType = sourcecode.swift; path = AppDelegate.swift; sourceTree = "<group>"; };
		B68D03841AA8E597002F62F9 /* ViewController.swift */ = {isa = PBXFileReference; lastKnownFileType = sourcecode.swift; path = ViewController.swift; sourceTree = "<group>"; };
		B68D03871AA8E597002F62F9 /* Base */ = {isa = PBXFileReference; lastKnownFileType = file.storyboard; name = Base; path = Base.lproj/Main.storyboard; sourceTree = "<group>"; };
		B68D03891AA8E597002F62F9 /* Images.xcassets */ = {isa = PBXFileReference; lastKnownFileType = folder.assetcatalog; path = Images.xcassets; sourceTree = "<group>"; };
		B68D038C1AA8E597002F62F9 /* Base */ = {isa = PBXFileReference; lastKnownFileType = file.xib; name = Base; path = Base.lproj/LaunchScreen.xib; sourceTree = "<group>"; };
		B68D03921AA8E597002F62F9 /* 18TicTacToeTests.xctest */ = {isa = PBXFileReference; explicitFileType = wrapper.cfbundle; includeInIndex = 0; path = 18TicTacToeTests.xctest; sourceTree = BUILT_PRODUCTS_DIR; };
		B68D03971AA8E597002F62F9 /* Info.plist */ = {isa = PBXFileReference; lastKnownFileType = text.plist.xml; path = Info.plist; sourceTree = "<group>"; };
		B68D03981AA8E597002F62F9 /* _8TicTacToeTests.swift */ = {isa = PBXFileReference; lastKnownFileType = sourcecode.swift; path = _8TicTacToeTests.swift; sourceTree = "<group>"; };
		B68D03A21AA8E6EE002F62F9 /* emptyboard.png */ = {isa = PBXFileReference; lastKnownFileType = image.png; path = emptyboard.png; sourceTree = "<group>"; };
/* End PBXFileReference section */

/* Begin PBXFrameworksBuildPhase section */
		B68D037A1AA8E596002F62F9 /* Frameworks */ = {
			isa = PBXFrameworksBuildPhase;
			buildActionMask = 2147483647;
			files = (
			);
			runOnlyForDeploymentPostprocessing = 0;
		};
		B68D038F1AA8E597002F62F9 /* Frameworks */ = {
			isa = PBXFrameworksBuildPhase;
			buildActionMask = 2147483647;
			files = (
			);
			runOnlyForDeploymentPostprocessing = 0;
		};
/* End PBXFrameworksBuildPhase section */

/* Begin PBXGroup section */
		B68D03741AA8E596002F62F9 = {
			isa = PBXGroup;
			children = (
				B68D037F1AA8E597002F62F9 /* 18TicTacToe */,
				B68D03951AA8E597002F62F9 /* 18TicTacToeTests */,
				B68D037E1AA8E597002F62F9 /* Products */,
			);
			sourceTree = "<group>";
		};
		B68D037E1AA8E597002F62F9 /* Products */ = {
			isa = PBXGroup;
			children = (
				B68D037D1AA8E597002F62F9 /* 18TicTacToe.app */,
				B68D03921AA8E597002F62F9 /* 18TicTacToeTests.xctest */,
			);
			name = Products;
			sourceTree = "<group>";
		};
		B68D037F1AA8E597002F62F9 /* 18TicTacToe */ = {
			isa = PBXGroup;
			children = (
				B68D03821AA8E597002F62F9 /* AppDelegate.swift */,
				B68D03841AA8E597002F62F9 /* ViewController.swift */,
				B68D03861AA8E597002F62F9 /* Main.storyboard */,
				B68D03A21AA8E6EE002F62F9 /* emptyboard.png */,
				B68D03891AA8E597002F62F9 /* Images.xcassets */,
				B68D038B1AA8E597002F62F9 /* LaunchScreen.xib */,
				B68D03801AA8E597002F62F9 /* Supporting Files */,
			);
			path = 18TicTacToe;
			sourceTree = "<group>";
		};
		B68D03801AA8E597002F62F9 /* Supporting Files */ = {
			isa = PBXGroup;
			children = (
				B68D03811AA8E597002F62F9 /* Info.plist */,
			);
			name = "Supporting Files";
			sourceTree = "<group>";
		};
		B68D03951AA8E597002F62F9 /* 18TicTacToeTests */ = {
			isa = PBXGroup;
			children = (
				B68D03981AA8E597002F62F9 /* _8TicTacToeTests.swift */,
				B68D03961AA8E597002F62F9 /* Supporting Files */,
			);
			path = 18TicTacToeTests;
			sourceTree = "<group>";
		};
		B68D03961AA8E597002F62F9 /* Supporting Files */ = {
			isa = PBXGroup;
			children = (
				B68D03971AA8E597002F62F9 /* Info.plist */,
			);
			name = "Supporting Files";
			sourceTree = "<group>";
		};
/* End PBXGroup section */

/* Begin PBXNativeTarget section */
		B68D037C1AA8E596002F62F9 /* 18TicTacToe */ = {
			isa = PBXNativeTarget;
			buildConfigurationList = B68D039C1AA8E597002F62F9 /* Build configuration list for PBXNativeTarget "18TicTacToe" */;
			buildPhases = (
				B68D03791AA8E596002F62F9 /* Sources */,
				B68D037A1AA8E596002F62F9 /* Frameworks */,
				B68D037B1AA8E596002F62F9 /* Resources */,
			);
			buildRules = (
			);
			dependencies = (
			);
			name = 18TicTacToe;
			productName = 18TicTacToe;
			productReference = B68D037D1AA8E597002F62F9 /* 18TicTacToe.app */;
			productType = "com.apple.product-type.application";
		};
		B68D03911AA8E597002F62F9 /* 18TicTacToeTests */ = {
			isa = PBXNativeTarget;
			buildConfigurationList = B68D039F1AA8E597002F62F9 /* Build configuration list for PBXNativeTarget "18TicTacToeTests" */;
			buildPhases = (
				B68D038E1AA8E597002F62F9 /* Sources */,
				B68D038F1AA8E597002F62F9 /* Frameworks */,
				B68D03901AA8E597002F62F9 /* Resources */,
			);
			buildRules = (
			);
			dependencies = (
				B68D03941AA8E597002F62F9 /* PBXTargetDependency */,
			);
			name = 18TicTacToeTests;
			productName = 18TicTacToeTests;
			productReference = B68D03921AA8E597002F62F9 /* 18TicTacToeTests.xctest */;
			productType = "com.apple.product-type.bundle.unit-test";
		};
/* End PBXNativeTarget section */

/* Begin PBXProject section */
		B68D03751AA8E596002F62F9 /* Project object */ = {
			isa = PBXProject;
			attributes = {
				LastUpgradeCheck = 0610;
				ORGANIZATIONNAME = "Bobby Towers";
				TargetAttributes = {
					B68D037C1AA8E596002F62F9 = {
						CreatedOnToolsVersion = 6.1.1;
					};
					B68D03911AA8E597002F62F9 = {
						CreatedOnToolsVersion = 6.1.1;
						TestTargetID = B68D037C1AA8E596002F62F9;
					};
				};
			};
			buildConfigurationList = B68D03781AA8E596002F62F9 /* Build configuration list for PBXProject "18TicTacToe" */;
			compatibilityVersion = "Xcode 3.2";
			developmentRegion = English;
			hasScannedForEncodings = 0;
			knownRegions = (
				en,
				Base,
			);
			mainGroup = B68D03741AA8E596002F62F9;
			productRefGroup = B68D037E1AA8E597002F62F9 /* Products */;
			projectDirPath = "";
			projectRoot = "";
			targets = (
				B68D037C1AA8E596002F62F9 /* 18TicTacToe */,
				B68D03911AA8E597002F62F9 /* 18TicTacToeTests */,
			);
		};
/* End PBXProject section */

/* Begin PBXResourcesBuildPhase section */
		B68D037B1AA8E596002F62F9 /* Resources */ = {
			isa = PBXResourcesBuildPhase;
			buildActionMask = 2147483647;
			files = (
				B68D03A31AA8E6EE002F62F9 /* emptyboard.png in Resources */,
				B68D03881AA8E597002F62F9 /* Main.storyboard in Resources */,
				B68D038D1AA8E597002F62F9 /* LaunchScreen.xib in Resources */,
				B68D038A1AA8E597002F62F9 /* Images.xcassets in Resources */,
			);
			runOnlyForDeploymentPostprocessing = 0;
		};
		B68D03901AA8E597002F62F9 /* Resources */ = {
			isa = PBXResourcesBuildPhase;
			buildActionMask = 2147483647;
			files = (
			);
			runOnlyForDeploymentPostprocessing = 0;
		};
/* End PBXResourcesBuildPhase section */

/* Begin PBXSourcesBuildPhase section */
		B68D03791AA8E596002F62F9 /* Sources */ = {
			isa = PBXSourcesBuildPhase;
			buildActionMask = 2147483647;
			files = (
				B68D03851AA8E597002F62F9 /* ViewController.swift in Sources */,
				B68D03831AA8E597002F62F9 /* AppDelegate.swift in Sources */,
			);
			runOnlyForDeploymentPostprocessing = 0;
		};
		B68D038E1AA8E597002F62F9 /* Sources */ = {
			isa = PBXSourcesBuildPhase;
			buildActionMask = 2147483647;
			files = (
				B68D03991AA8E597002F62F9 /* _8TicTacToeTests.swift in Sources */,
			);
			runOnlyForDeploymentPostprocessing = 0;
		};
/* End PBXSourcesBuildPhase section */

/* Begin PBXTargetDependency section */
		B68D03941AA8E597002F62F9 /* PBXTargetDependency */ = {
			isa = PBXTargetDependency;
			target = B68D037C1AA8E596002F62F9 /* 18TicTacToe */;
			targetProxy = B68D03931AA8E597002F62F9 /* PBXContainerItemProxy */;
		};
/* End PBXTargetDependency section */

/* Begin PBXVariantGroup section */
		B68D03861AA8E597002F62F9 /* Main.storyboard */ = {
			isa = PBXVariantGroup;
			children = (
				B68D03871AA8E597002F62F9 /* Base */,
			);
			name = Main.storyboard;
			sourceTree = "<group>";
		};
		B68D038B1AA8E597002F62F9 /* LaunchScreen.xib */ = {
			isa = PBXVariantGroup;
			children = (
				B68D038C1AA8E597002F62F9 /* Base */,
			);
			name = LaunchScreen.xib;
			sourceTree = "<group>";
		};
/* End PBXVariantGroup section */

/* Begin XCBuildConfiguration section */
		B68D039A1AA8E597002F62F9 /* Debug */ = {
			isa = XCBuildConfiguration;
			buildSettings = {
				ALWAYS_SEARCH_USER_PATHS = NO;
				CLANG_CXX_LANGUAGE_STANDARD = "gnu++0x";
				CLANG_CXX_LIBRARY = "libc++";
				CLANG_ENABLE_MODULES = YES;
				CLANG_ENABLE_OBJC_ARC = YES;
				CLANG_WARN_BOOL_CONVERSION = YES;
				CLANG_WARN_CONSTANT_CONVERSION = YES;
				CLANG_WARN_DIRECT_OBJC_ISA_USAGE = YES_ERROR;
				CLANG_WARN_EMPTY_BODY = YES;
				CLANG_WARN_ENUM_CONVERSION = YES;
				CLANG_WARN_INT_CONVERSION = YES;
				CLANG_WARN_OBJC_ROOT_CLASS = YES_ERROR;
				CLANG_WARN_UNREACHABLE_CODE = YES;
				CLANG_WARN__DUPLICATE_METHOD_MATCH = YES;
				"CODE_SIGN_IDENTITY[sdk=iphoneos*]" = "iPhone Developer";
				COPY_PHASE_STRIP = NO;
				ENABLE_STRICT_OBJC_MSGSEND = YES;
				GCC_C_LANGUAGE_STANDARD = gnu99;
				GCC_DYNAMIC_NO_PIC = NO;
				GCC_OPTIMIZATION_LEVEL = 0;
				GCC_PREPROCESSOR_DEFINITIONS = (
					"DEBUG=1",
					"$(inherited)",
				);
				GCC_SYMBOLS_PRIVATE_EXTERN = NO;
				GCC_WARN_64_TO_32_BIT_CONVERSION = YES;
				GCC_WARN_ABOUT_RETURN_TYPE = YES_ERROR;
				GCC_WARN_UNDECLARED_SELECTOR = YES;
				GCC_WARN_UNINITIALIZED_AUTOS = YES_AGGRESSIVE;
				GCC_WARN_UNUSED_FUNCTION = YES;
				GCC_WARN_UNUSED_VARIABLE = YES;
				IPHONEOS_DEPLOYMENT_TARGET = 8.1;
				MTL_ENABLE_DEBUG_INFO = YES;
				ONLY_ACTIVE_ARCH = YES;
				SDKROOT = iphoneos;
				SWIFT_OPTIMIZATION_LEVEL = "-Onone";
			};
			name = Debug;
		};
		B68D039B1AA8E597002F62F9 /* Release */ = {
			isa = XCBuildConfiguration;
			buildSettings = {
				ALWAYS_SEARCH_USER_PATHS = NO;
				CLANG_CXX_LANGUAGE_STANDARD = "gnu++0x";
				CLANG_CXX_LIBRARY = "libc++";
				CLANG_ENABLE_MODULES = YES;
				CLANG_ENABLE_OBJC_ARC = YES;
				CLANG_WARN_BOOL_CONVERSION = YES;
				CLANG_WARN_CONSTANT_CONVERSION = YES;
				CLANG_WARN_DIRECT_OBJC_ISA_USAGE = YES_ERROR;
				CLANG_WARN_EMPTY_BODY = YES;
				CLANG_WARN_ENUM_CONVERSION = YES;
				CLANG_WARN_INT_CONVERSION = YES;
				CLANG_WARN_OBJC_ROOT_CLASS = YES_ERROR;
				CLANG_WARN_UNREACHABLE_CODE = YES;
				CLANG_WARN__DUPLICATE_METHOD_MATCH = YES;
				"CODE_SIGN_IDENTITY[sdk=iphoneos*]" = "iPhone Developer";
				COPY_PHASE_STRIP = YES;
				ENABLE_NS_ASSERTIONS = NO;
				ENABLE_STRICT_OBJC_MSGSEND = YES;
				GCC_C_LANGUAGE_STANDARD = gnu99;
				GCC_WARN_64_TO_32_BIT_CONVERSION = YES;
				GCC_WARN_ABOUT_RETURN_TYPE = YES_ERROR;
				GCC_WARN_UNDECLARED_SELECTOR = YES;
				GCC_WARN_UNINITIALIZED_AUTOS = YES_AGGRESSIVE;
				GCC_WARN_UNUSED_FUNCTION = YES;
				GCC_WARN_UNUSED_VARIABLE = YES;
				IPHONEOS_DEPLOYMENT_TARGET = 8.1;
				MTL_ENABLE_DEBUG_INFO = NO;
				SDKROOT = iphoneos;
				VALIDATE_PRODUCT = YES;
			};
			name = Release;
		};
		B68D039D1AA8E597002F62F9 /* Debug */ = {
			isa = XCBuildConfiguration;
			buildSettings = {
				ASSETCATALOG_COMPILER_APPICON_NAME = AppIcon;
				INFOPLIST_FILE = 18TicTacToe/Info.plist;
				LD_RUNPATH_SEARCH_PATHS = "$(inherited) @executable_path/Frameworks";
				PRODUCT_NAME = "$(TARGET_NAME)";
			};
			name = Debug;
		};
		B68D039E1AA8E597002F62F9 /* Release */ = {
			isa = XCBuildConfiguration;
			buildSettings = {
				ASSETCATALOG_COMPILER_APPICON_NAME = AppIcon;
				INFOPLIST_FILE = 18TicTacToe/Info.plist;
				LD_RUNPATH_SEARCH_PATHS = "$(inherited) @executable_path/Frameworks";
				PRODUCT_NAME = "$(TARGET_NAME)";
			};
			name = Release;
		};
		B68D03A01AA8E597002F62F9 /* Debug */ = {
			isa = XCBuildConfiguration;
			buildSettings = {
				BUNDLE_LOADER = "$(TEST_HOST)";
				FRAMEWORK_SEARCH_PATHS = (
					"$(SDKROOT)/Developer/Library/Frameworks",
					"$(inherited)",
				);
				GCC_PREPROCESSOR_DEFINITIONS = (
					"DEBUG=1",
					"$(inherited)",
				);
				INFOPLIST_FILE = 18TicTacToeTests/Info.plist;
				LD_RUNPATH_SEARCH_PATHS = "$(inherited) @executable_path/Frameworks @loader_path/Frameworks";
				PRODUCT_NAME = "$(TARGET_NAME)";
				TEST_HOST = "$(BUILT_PRODUCTS_DIR)/18TicTacToe.app/18TicTacToe";
			};
			name = Debug;
		};
		B68D03A11AA8E597002F62F9 /* Release */ = {
			isa = XCBuildConfiguration;
			buildSettings = {
				BUNDLE_LOADER = "$(TEST_HOST)";
				FRAMEWORK_SEARCH_PATHS = (
					"$(SDKROOT)/Developer/Library/Frameworks",
					"$(inherited)",
				);
				INFOPLIST_FILE = 18TicTacToeTests/Info.plist;
				LD_RUNPATH_SEARCH_PATHS = "$(inherited) @executable_path/Frameworks @loader_path/Frameworks";
				PRODUCT_NAME = "$(TARGET_NAME)";
				TEST_HOST = "$(BUILT_PRODUCTS_DIR)/18TicTacToe.app/18TicTacToe";
			};
			name = Release;
		};
/* End XCBuildConfiguration section */

/* Begin XCConfigurationList section */
		B68D03781AA8E596002F62F9 /* Build configuration list for PBXProject "18TicTacToe" */ = {
			isa = XCConfigurationList;
			buildConfigurations = (
				B68D039A1AA8E597002F62F9 /* Debug */,
				B68D039B1AA8E597002F62F9 /* Release */,
			);
			defaultConfigurationIsVisible = 0;
			defaultConfigurationName = Release;
		};
		B68D039C1AA8E597002F62F9 /* Build configuration list for PBXNativeTarget "18TicTacToe" */ = {
			isa = XCConfigurationList;
			buildConfigurations = (
				B68D039D1AA8E597002F62F9 /* Debug */,
				B68D039E1AA8E597002F62F9 /* Release */,
			);
			defaultConfigurationIsVisible = 0;
		};
		B68D039F1AA8E597002F62F9 /* Build configuration list for PBXNativeTarget "18TicTacToeTests" */ = {
			isa = XCConfigurationList;
			buildConfigurations = (
				B68D03A01AA8E597002F62F9 /* Debug */,
				B68D03A11AA8E597002F62F9 /* Release */,
			);
			defaultConfigurationIsVisible = 0;
		};
/* End XCConfigurationList section */
	};
	rootObject = B68D03751AA8E596002F62F9 /* Project object */;
}
