// !$*UTF8*$!
{
	archiveVersion = 1;
	classes = {
	};
	objectVersion = 46;
	objects = {

/* Begin PBXBuildFile section */
		B66856801A7D92CB00C52967 /* AppDelegate.swift in Sources */ = {isa = PBXBuildFile; fileRef = B668567F1A7D92CB00C52967 /* AppDelegate.swift */; };
		B66856821A7D92CB00C52967 /* ViewController.swift in Sources */ = {isa = PBXBuildFile; fileRef = B66856811A7D92CB00C52967 /* ViewController.swift */; };
		B66856851A7D92CB00C52967 /* Main.storyboard in Resources */ = {isa = PBXBuildFile; fileRef = B66856831A7D92CB00C52967 /* Main.storyboard */; };
		B66856871A7D92CB00C52967 /* Images.xcassets in Resources */ = {isa = PBXBuildFile; fileRef = B66856861A7D92CB00C52967 /* Images.xcassets */; };
		B668568A1A7D92CB00C52967 /* LaunchScreen.xib in Resources */ = {isa = PBXBuildFile; fileRef = B66856881A7D92CB00C52967 /* LaunchScreen.xib */; };
		B66856961A7D92CB00C52967 /* _2ControllingTheKeyboardTests.swift in Sources */ = {isa = PBXBuildFile; fileRef = B66856951A7D92CB00C52967 /* _2ControllingTheKeyboardTests.swift */; };
/* End PBXBuildFile section */

/* Begin PBXContainerItemProxy section */
		B66856901A7D92CB00C52967 /* PBXContainerItemProxy */ = {
			isa = PBXContainerItemProxy;
			containerPortal = B66856721A7D92CB00C52967 /* Project object */;
			proxyType = 1;
			remoteGlobalIDString = B66856791A7D92CB00C52967;
			remoteInfo = 12ControllingTheKeyboard;
		};
/* End PBXContainerItemProxy section */

/* Begin PBXFileReference section */
		B668567A1A7D92CB00C52967 /* 12ControllingTheKeyboard.app */ = {isa = PBXFileReference; explicitFileType = wrapper.application; includeInIndex = 0; path = 12ControllingTheKeyboard.app; sourceTree = BUILT_PRODUCTS_DIR; };
		B668567E1A7D92CB00C52967 /* Info.plist */ = {isa = PBXFileReference; lastKnownFileType = text.plist.xml; path = Info.plist; sourceTree = "<group>"; };
		B668567F1A7D92CB00C52967 /* AppDelegate.swift */ = {isa = PBXFileReference; lastKnownFileType = sourcecode.swift; path = AppDelegate.swift; sourceTree = "<group>"; };
		B66856811A7D92CB00C52967 /* ViewController.swift */ = {isa = PBXFileReference; lastKnownFileType = sourcecode.swift; path = ViewController.swift; sourceTree = "<group>"; };
		B66856841A7D92CB00C52967 /* Base */ = {isa = PBXFileReference; lastKnownFileType = file.storyboard; name = Base; path = Base.lproj/Main.storyboard; sourceTree = "<group>"; };
		B66856861A7D92CB00C52967 /* Images.xcassets */ = {isa = PBXFileReference; lastKnownFileType = folder.assetcatalog; path = Images.xcassets; sourceTree = "<group>"; };
		B66856891A7D92CB00C52967 /* Base */ = {isa = PBXFileReference; lastKnownFileType = file.xib; name = Base; path = Base.lproj/LaunchScreen.xib; sourceTree = "<group>"; };
		B668568F1A7D92CB00C52967 /* 12ControllingTheKeyboardTests.xctest */ = {isa = PBXFileReference; explicitFileType = wrapper.cfbundle; includeInIndex = 0; path = 12ControllingTheKeyboardTests.xctest; sourceTree = BUILT_PRODUCTS_DIR; };
		B66856941A7D92CB00C52967 /* Info.plist */ = {isa = PBXFileReference; lastKnownFileType = text.plist.xml; path = Info.plist; sourceTree = "<group>"; };
		B66856951A7D92CB00C52967 /* _2ControllingTheKeyboardTests.swift */ = {isa = PBXFileReference; lastKnownFileType = sourcecode.swift; path = _2ControllingTheKeyboardTests.swift; sourceTree = "<group>"; };
/* End PBXFileReference section */

/* Begin PBXFrameworksBuildPhase section */
		B66856771A7D92CB00C52967 /* Frameworks */ = {
			isa = PBXFrameworksBuildPhase;
			buildActionMask = 2147483647;
			files = (
			);
			runOnlyForDeploymentPostprocessing = 0;
		};
		B668568C1A7D92CB00C52967 /* Frameworks */ = {
			isa = PBXFrameworksBuildPhase;
			buildActionMask = 2147483647;
			files = (
			);
			runOnlyForDeploymentPostprocessing = 0;
		};
/* End PBXFrameworksBuildPhase section */

/* Begin PBXGroup section */
		B66856711A7D92CB00C52967 = {
			isa = PBXGroup;
			children = (
				B668567C1A7D92CB00C52967 /* 12ControllingTheKeyboard */,
				B66856921A7D92CB00C52967 /* 12ControllingTheKeyboardTests */,
				B668567B1A7D92CB00C52967 /* Products */,
			);
			sourceTree = "<group>";
		};
		B668567B1A7D92CB00C52967 /* Products */ = {
			isa = PBXGroup;
			children = (
				B668567A1A7D92CB00C52967 /* 12ControllingTheKeyboard.app */,
				B668568F1A7D92CB00C52967 /* 12ControllingTheKeyboardTests.xctest */,
			);
			name = Products;
			sourceTree = "<group>";
		};
		B668567C1A7D92CB00C52967 /* 12ControllingTheKeyboard */ = {
			isa = PBXGroup;
			children = (
				B668567F1A7D92CB00C52967 /* AppDelegate.swift */,
				B66856811A7D92CB00C52967 /* ViewController.swift */,
				B66856831A7D92CB00C52967 /* Main.storyboard */,
				B66856861A7D92CB00C52967 /* Images.xcassets */,
				B66856881A7D92CB00C52967 /* LaunchScreen.xib */,
				B668567D1A7D92CB00C52967 /* Supporting Files */,
			);
			path = 12ControllingTheKeyboard;
			sourceTree = "<group>";
		};
		B668567D1A7D92CB00C52967 /* Supporting Files */ = {
			isa = PBXGroup;
			children = (
				B668567E1A7D92CB00C52967 /* Info.plist */,
			);
			name = "Supporting Files";
			sourceTree = "<group>";
		};
		B66856921A7D92CB00C52967 /* 12ControllingTheKeyboardTests */ = {
			isa = PBXGroup;
			children = (
				B66856951A7D92CB00C52967 /* _2ControllingTheKeyboardTests.swift */,
				B66856931A7D92CB00C52967 /* Supporting Files */,
			);
			path = 12ControllingTheKeyboardTests;
			sourceTree = "<group>";
		};
		B66856931A7D92CB00C52967 /* Supporting Files */ = {
			isa = PBXGroup;
			children = (
				B66856941A7D92CB00C52967 /* Info.plist */,
			);
			name = "Supporting Files";
			sourceTree = "<group>";
		};
/* End PBXGroup section */

/* Begin PBXNativeTarget section */
		B66856791A7D92CB00C52967 /* 12ControllingTheKeyboard */ = {
			isa = PBXNativeTarget;
			buildConfigurationList = B66856991A7D92CB00C52967 /* Build configuration list for PBXNativeTarget "12ControllingTheKeyboard" */;
			buildPhases = (
				B66856761A7D92CB00C52967 /* Sources */,
				B66856771A7D92CB00C52967 /* Frameworks */,
				B66856781A7D92CB00C52967 /* Resources */,
			);
			buildRules = (
			);
			dependencies = (
			);
			name = 12ControllingTheKeyboard;
			productName = 12ControllingTheKeyboard;
			productReference = B668567A1A7D92CB00C52967 /* 12ControllingTheKeyboard.app */;
			productType = "com.apple.product-type.application";
		};
		B668568E1A7D92CB00C52967 /* 12ControllingTheKeyboardTests */ = {
			isa = PBXNativeTarget;
			buildConfigurationList = B668569C1A7D92CB00C52967 /* Build configuration list for PBXNativeTarget "12ControllingTheKeyboardTests" */;
			buildPhases = (
				B668568B1A7D92CB00C52967 /* Sources */,
				B668568C1A7D92CB00C52967 /* Frameworks */,
				B668568D1A7D92CB00C52967 /* Resources */,
			);
			buildRules = (
			);
			dependencies = (
				B66856911A7D92CB00C52967 /* PBXTargetDependency */,
			);
			name = 12ControllingTheKeyboardTests;
			productName = 12ControllingTheKeyboardTests;
			productReference = B668568F1A7D92CB00C52967 /* 12ControllingTheKeyboardTests.xctest */;
			productType = "com.apple.product-type.bundle.unit-test";
		};
/* End PBXNativeTarget section */

/* Begin PBXProject section */
		B66856721A7D92CB00C52967 /* Project object */ = {
			isa = PBXProject;
			attributes = {
				LastUpgradeCheck = 0610;
				ORGANIZATIONNAME = "Bobby Towers";
				TargetAttributes = {
					B66856791A7D92CB00C52967 = {
						CreatedOnToolsVersion = 6.1.1;
					};
					B668568E1A7D92CB00C52967 = {
						CreatedOnToolsVersion = 6.1.1;
						TestTargetID = B66856791A7D92CB00C52967;
					};
				};
			};
			buildConfigurationList = B66856751A7D92CB00C52967 /* Build configuration list for PBXProject "12ControllingTheKeyboard" */;
			compatibilityVersion = "Xcode 3.2";
			developmentRegion = English;
			hasScannedForEncodings = 0;
			knownRegions = (
				en,
				Base,
			);
			mainGroup = B66856711A7D92CB00C52967;
			productRefGroup = B668567B1A7D92CB00C52967 /* Products */;
			projectDirPath = "";
			projectRoot = "";
			targets = (
				B66856791A7D92CB00C52967 /* 12ControllingTheKeyboard */,
				B668568E1A7D92CB00C52967 /* 12ControllingTheKeyboardTests */,
			);
		};
/* End PBXProject section */

/* Begin PBXResourcesBuildPhase section */
		B66856781A7D92CB00C52967 /* Resources */ = {
			isa = PBXResourcesBuildPhase;
			buildActionMask = 2147483647;
			files = (
				B66856851A7D92CB00C52967 /* Main.storyboard in Resources */,
				B668568A1A7D92CB00C52967 /* LaunchScreen.xib in Resources */,
				B66856871A7D92CB00C52967 /* Images.xcassets in Resources */,
			);
			runOnlyForDeploymentPostprocessing = 0;
		};
		B668568D1A7D92CB00C52967 /* Resources */ = {
			isa = PBXResourcesBuildPhase;
			buildActionMask = 2147483647;
			files = (
			);
			runOnlyForDeploymentPostprocessing = 0;
		};
/* End PBXResourcesBuildPhase section */

/* Begin PBXSourcesBuildPhase section */
		B66856761A7D92CB00C52967 /* Sources */ = {
			isa = PBXSourcesBuildPhase;
			buildActionMask = 2147483647;
			files = (
				B66856821A7D92CB00C52967 /* ViewController.swift in Sources */,
				B66856801A7D92CB00C52967 /* AppDelegate.swift in Sources */,
			);
			runOnlyForDeploymentPostprocessing = 0;
		};
		B668568B1A7D92CB00C52967 /* Sources */ = {
			isa = PBXSourcesBuildPhase;
			buildActionMask = 2147483647;
			files = (
				B66856961A7D92CB00C52967 /* _2ControllingTheKeyboardTests.swift in Sources */,
			);
			runOnlyForDeploymentPostprocessing = 0;
		};
/* End PBXSourcesBuildPhase section */

/* Begin PBXTargetDependency section */
		B66856911A7D92CB00C52967 /* PBXTargetDependency */ = {
			isa = PBXTargetDependency;
			target = B66856791A7D92CB00C52967 /* 12ControllingTheKeyboard */;
			targetProxy = B66856901A7D92CB00C52967 /* PBXContainerItemProxy */;
		};
/* End PBXTargetDependency section */

/* Begin PBXVariantGroup section */
		B66856831A7D92CB00C52967 /* Main.storyboard */ = {
			isa = PBXVariantGroup;
			children = (
				B66856841A7D92CB00C52967 /* Base */,
			);
			name = Main.storyboard;
			sourceTree = "<group>";
		};
		B66856881A7D92CB00C52967 /* LaunchScreen.xib */ = {
			isa = PBXVariantGroup;
			children = (
				B66856891A7D92CB00C52967 /* Base */,
			);
			name = LaunchScreen.xib;
			sourceTree = "<group>";
		};
/* End PBXVariantGroup section */

/* Begin XCBuildConfiguration section */
		B66856971A7D92CB00C52967 /* Debug */ = {
			isa = XCBuildConfiguration;
			buildSettings = {
				ALWAYS_SEARCH_USER_PATHS = NO;
				CLANG_CXX_LANGUAGE_STANDARD = "gnu++0x";
				CLANG_CXX_LIBRARY = "libc++";
				CLANG_ENABLE_MODULES = YES;
				CLANG_ENABLE_OBJC_ARC = YES;
				CLANG_WARN_BOOL_CONVERSION = YES;
				CLANG_WARN_CONSTANT_CONVERSION = YES;
				CLANG_WARN_DIRECT_OBJC_ISA_USAGE = YES_ERROR;
				CLANG_WARN_EMPTY_BODY = YES;
				CLANG_WARN_ENUM_CONVERSION = YES;
				CLANG_WARN_INT_CONVERSION = YES;
				CLANG_WARN_OBJC_ROOT_CLASS = YES_ERROR;
				CLANG_WARN_UNREACHABLE_CODE = YES;
				CLANG_WARN__DUPLICATE_METHOD_MATCH = YES;
				"CODE_SIGN_IDENTITY[sdk=iphoneos*]" = "iPhone Developer";
				COPY_PHASE_STRIP = NO;
				ENABLE_STRICT_OBJC_MSGSEND = YES;
				GCC_C_LANGUAGE_STANDARD = gnu99;
				GCC_DYNAMIC_NO_PIC = NO;
				GCC_OPTIMIZATION_LEVEL = 0;
				GCC_PREPROCESSOR_DEFINITIONS = (
					"DEBUG=1",
					"$(inherited)",
				);
				GCC_SYMBOLS_PRIVATE_EXTERN = NO;
				GCC_WARN_64_TO_32_BIT_CONVERSION = YES;
				GCC_WARN_ABOUT_RETURN_TYPE = YES_ERROR;
				GCC_WARN_UNDECLARED_SELECTOR = YES;
				GCC_WARN_UNINITIALIZED_AUTOS = YES_AGGRESSIVE;
				GCC_WARN_UNUSED_FUNCTION = YES;
				GCC_WARN_UNUSED_VARIABLE = YES;
				IPHONEOS_DEPLOYMENT_TARGET = 8.1;
				MTL_ENABLE_DEBUG_INFO = YES;
				ONLY_ACTIVE_ARCH = YES;
				SDKROOT = iphoneos;
				SWIFT_OPTIMIZATION_LEVEL = "-Onone";
			};
			name = Debug;
		};
		B66856981A7D92CB00C52967 /* Release */ = {
			isa = XCBuildConfiguration;
			buildSettings = {
				ALWAYS_SEARCH_USER_PATHS = NO;
				CLANG_CXX_LANGUAGE_STANDARD = "gnu++0x";
				CLANG_CXX_LIBRARY = "libc++";
				CLANG_ENABLE_MODULES = YES;
				CLANG_ENABLE_OBJC_ARC = YES;
				CLANG_WARN_BOOL_CONVERSION = YES;
				CLANG_WARN_CONSTANT_CONVERSION = YES;
				CLANG_WARN_DIRECT_OBJC_ISA_USAGE = YES_ERROR;
				CLANG_WARN_EMPTY_BODY = YES;
				CLANG_WARN_ENUM_CONVERSION = YES;
				CLANG_WARN_INT_CONVERSION = YES;
				CLANG_WARN_OBJC_ROOT_CLASS = YES_ERROR;
				CLANG_WARN_UNREACHABLE_CODE = YES;
				CLANG_WARN__DUPLICATE_METHOD_MATCH = YES;
				"CODE_SIGN_IDENTITY[sdk=iphoneos*]" = "iPhone Developer";
				COPY_PHASE_STRIP = YES;
				ENABLE_NS_ASSERTIONS = NO;
				ENABLE_STRICT_OBJC_MSGSEND = YES;
				GCC_C_LANGUAGE_STANDARD = gnu99;
				GCC_WARN_64_TO_32_BIT_CONVERSION = YES;
				GCC_WARN_ABOUT_RETURN_TYPE = YES_ERROR;
				GCC_WARN_UNDECLARED_SELECTOR = YES;
				GCC_WARN_UNINITIALIZED_AUTOS = YES_AGGRESSIVE;
				GCC_WARN_UNUSED_FUNCTION = YES;
				GCC_WARN_UNUSED_VARIABLE = YES;
				IPHONEOS_DEPLOYMENT_TARGET = 8.1;
				MTL_ENABLE_DEBUG_INFO = NO;
				SDKROOT = iphoneos;
				VALIDATE_PRODUCT = YES;
			};
			name = Release;
		};
		B668569A1A7D92CB00C52967 /* Debug */ = {
			isa = XCBuildConfiguration;
			buildSettings = {
				ASSETCATALOG_COMPILER_APPICON_NAME = AppIcon;
				INFOPLIST_FILE = 12ControllingTheKeyboard/Info.plist;
				LD_RUNPATH_SEARCH_PATHS = "$(inherited) @executable_path/Frameworks";
				PRODUCT_NAME = "$(TARGET_NAME)";
			};
			name = Debug;
		};
		B668569B1A7D92CB00C52967 /* Release */ = {
			isa = XCBuildConfiguration;
			buildSettings = {
				ASSETCATALOG_COMPILER_APPICON_NAME = AppIcon;
				INFOPLIST_FILE = 12ControllingTheKeyboard/Info.plist;
				LD_RUNPATH_SEARCH_PATHS = "$(inherited) @executable_path/Frameworks";
				PRODUCT_NAME = "$(TARGET_NAME)";
			};
			name = Release;
		};
		B668569D1A7D92CB00C52967 /* Debug */ = {
			isa = XCBuildConfiguration;
			buildSettings = {
				BUNDLE_LOADER = "$(TEST_HOST)";
				FRAMEWORK_SEARCH_PATHS = (
					"$(SDKROOT)/Developer/Library/Frameworks",
					"$(inherited)",
				);
				GCC_PREPROCESSOR_DEFINITIONS = (
					"DEBUG=1",
					"$(inherited)",
				);
				INFOPLIST_FILE = 12ControllingTheKeyboardTests/Info.plist;
				LD_RUNPATH_SEARCH_PATHS = "$(inherited) @executable_path/Frameworks @loader_path/Frameworks";
				PRODUCT_NAME = "$(TARGET_NAME)";
				TEST_HOST = "$(BUILT_PRODUCTS_DIR)/12ControllingTheKeyboard.app/12ControllingTheKeyboard";
			};
			name = Debug;
		};
		B668569E1A7D92CB00C52967 /* Release */ = {
			isa = XCBuildConfiguration;
			buildSettings = {
				BUNDLE_LOADER = "$(TEST_HOST)";
				FRAMEWORK_SEARCH_PATHS = (
					"$(SDKROOT)/Developer/Library/Frameworks",
					"$(inherited)",
				);
				INFOPLIST_FILE = 12ControllingTheKeyboardTests/Info.plist;
				LD_RUNPATH_SEARCH_PATHS = "$(inherited) @executable_path/Frameworks @loader_path/Frameworks";
				PRODUCT_NAME = "$(TARGET_NAME)";
				TEST_HOST = "$(BUILT_PRODUCTS_DIR)/12ControllingTheKeyboard.app/12ControllingTheKeyboard";
			};
			name = Release;
		};
/* End XCBuildConfiguration section */

/* Begin XCConfigurationList section */
		B66856751A7D92CB00C52967 /* Build configuration list for PBXProject "12ControllingTheKeyboard" */ = {
			isa = XCConfigurationList;
			buildConfigurations = (
				B66856971A7D92CB00C52967 /* Debug */,
				B66856981A7D92CB00C52967 /* Release */,
			);
			defaultConfigurationIsVisible = 0;
			defaultConfigurationName = Release;
		};
		B66856991A7D92CB00C52967 /* Build configuration list for PBXNativeTarget "12ControllingTheKeyboard" */ = {
			isa = XCConfigurationList;
			buildConfigurations = (
				B668569A1A7D92CB00C52967 /* Debug */,
				B668569B1A7D92CB00C52967 /* Release */,
			);
			defaultConfigurationIsVisible = 0;
		};
		B668569C1A7D92CB00C52967 /* Build configuration list for PBXNativeTarget "12ControllingTheKeyboardTests" */ = {
			isa = XCConfigurationList;
			buildConfigurations = (
				B668569D1A7D92CB00C52967 /* Debug */,
				B668569E1A7D92CB00C52967 /* Release */,
			);
			defaultConfigurationIsVisible = 0;
		};
/* End XCConfigurationList section */
	};
	rootObject = B66856721A7D92CB00C52967 /* Project object */;
}
