// !$*UTF8*$!
{
	archiveVersion = 1;
	classes = {
	};
	objectVersion = 46;
	objects = {

/* Begin PBXBuildFile section */
		B66855C81A7BDFC600C52967 /* AppDelegate.swift in Sources */ = {isa = PBXBuildFile; fileRef = B66855C71A7BDFC600C52967 /* AppDelegate.swift */; };
		B66855CA1A7BDFC600C52967 /* ViewController.swift in Sources */ = {isa = PBXBuildFile; fileRef = B66855C91A7BDFC600C52967 /* ViewController.swift */; };
		B66855CD1A7BDFC700C52967 /* Main.storyboard in Resources */ = {isa = PBXBuildFile; fileRef = B66855CB1A7BDFC700C52967 /* Main.storyboard */; };
		B66855CF1A7BDFC700C52967 /* Images.xcassets in Resources */ = {isa = PBXBuildFile; fileRef = B66855CE1A7BDFC700C52967 /* Images.xcassets */; };
		B66855D21A7BDFC700C52967 /* LaunchScreen.xib in Resources */ = {isa = PBXBuildFile; fileRef = B66855D01A7BDFC700C52967 /* LaunchScreen.xib */; };
		B66855DE1A7BDFC700C52967 /* _TimesTablesTests.swift in Sources */ = {isa = PBXBuildFile; fileRef = B66855DD1A7BDFC700C52967 /* _TimesTablesTests.swift */; };
/* End PBXBuildFile section */

/* Begin PBXContainerItemProxy section */
		B66855D81A7BDFC700C52967 /* PBXContainerItemProxy */ = {
			isa = PBXContainerItemProxy;
			containerPortal = B66855BA1A7BDFC600C52967 /* Project object */;
			proxyType = 1;
			remoteGlobalIDString = B66855C11A7BDFC600C52967;
			remoteInfo = 9TimesTables;
		};
/* End PBXContainerItemProxy section */

/* Begin PBXFileReference section */
		B66855C21A7BDFC600C52967 /* 9TimesTables.app */ = {isa = PBXFileReference; explicitFileType = wrapper.application; includeInIndex = 0; path = 9TimesTables.app; sourceTree = BUILT_PRODUCTS_DIR; };
		B66855C61A7BDFC600C52967 /* Info.plist */ = {isa = PBXFileReference; lastKnownFileType = text.plist.xml; path = Info.plist; sourceTree = "<group>"; };
		B66855C71A7BDFC600C52967 /* AppDelegate.swift */ = {isa = PBXFileReference; lastKnownFileType = sourcecode.swift; path = AppDelegate.swift; sourceTree = "<group>"; };
		B66855C91A7BDFC600C52967 /* ViewController.swift */ = {isa = PBXFileReference; lastKnownFileType = sourcecode.swift; path = ViewController.swift; sourceTree = "<group>"; };
		B66855CC1A7BDFC700C52967 /* Base */ = {isa = PBXFileReference; lastKnownFileType = file.storyboard; name = Base; path = Base.lproj/Main.storyboard; sourceTree = "<group>"; };
		B66855CE1A7BDFC700C52967 /* Images.xcassets */ = {isa = PBXFileReference; lastKnownFileType = folder.assetcatalog; path = Images.xcassets; sourceTree = "<group>"; };
		B66855D11A7BDFC700C52967 /* Base */ = {isa = PBXFileReference; lastKnownFileType = file.xib; name = Base; path = Base.lproj/LaunchScreen.xib; sourceTree = "<group>"; };
		B66855D71A7BDFC700C52967 /* 9TimesTablesTests.xctest */ = {isa = PBXFileReference; explicitFileType = wrapper.cfbundle; includeInIndex = 0; path = 9TimesTablesTests.xctest; sourceTree = BUILT_PRODUCTS_DIR; };
		B66855DC1A7BDFC700C52967 /* Info.plist */ = {isa = PBXFileReference; lastKnownFileType = text.plist.xml; path = Info.plist; sourceTree = "<group>"; };
		B66855DD1A7BDFC700C52967 /* _TimesTablesTests.swift */ = {isa = PBXFileReference; lastKnownFileType = sourcecode.swift; path = _TimesTablesTests.swift; sourceTree = "<group>"; };
/* End PBXFileReference section */

/* Begin PBXFrameworksBuildPhase section */
		B66855BF1A7BDFC600C52967 /* Frameworks */ = {
			isa = PBXFrameworksBuildPhase;
			buildActionMask = 2147483647;
			files = (
			);
			runOnlyForDeploymentPostprocessing = 0;
		};
		B66855D41A7BDFC700C52967 /* Frameworks */ = {
			isa = PBXFrameworksBuildPhase;
			buildActionMask = 2147483647;
			files = (
			);
			runOnlyForDeploymentPostprocessing = 0;
		};
/* End PBXFrameworksBuildPhase section */

/* Begin PBXGroup section */
		B66855B91A7BDFC600C52967 = {
			isa = PBXGroup;
			children = (
				B66855C41A7BDFC600C52967 /* 9TimesTables */,
				B66855DA1A7BDFC700C52967 /* 9TimesTablesTests */,
				B66855C31A7BDFC600C52967 /* Products */,
			);
			sourceTree = "<group>";
		};
		B66855C31A7BDFC600C52967 /* Products */ = {
			isa = PBXGroup;
			children = (
				B66855C21A7BDFC600C52967 /* 9TimesTables.app */,
				B66855D71A7BDFC700C52967 /* 9TimesTablesTests.xctest */,
			);
			name = Products;
			sourceTree = "<group>";
		};
		B66855C41A7BDFC600C52967 /* 9TimesTables */ = {
			isa = PBXGroup;
			children = (
				B66855C71A7BDFC600C52967 /* AppDelegate.swift */,
				B66855C91A7BDFC600C52967 /* ViewController.swift */,
				B66855CB1A7BDFC700C52967 /* Main.storyboard */,
				B66855CE1A7BDFC700C52967 /* Images.xcassets */,
				B66855D01A7BDFC700C52967 /* LaunchScreen.xib */,
				B66855C51A7BDFC600C52967 /* Supporting Files */,
			);
			path = 9TimesTables;
			sourceTree = "<group>";
		};
		B66855C51A7BDFC600C52967 /* Supporting Files */ = {
			isa = PBXGroup;
			children = (
				B66855C61A7BDFC600C52967 /* Info.plist */,
			);
			name = "Supporting Files";
			sourceTree = "<group>";
		};
		B66855DA1A7BDFC700C52967 /* 9TimesTablesTests */ = {
			isa = PBXGroup;
			children = (
				B66855DD1A7BDFC700C52967 /* _TimesTablesTests.swift */,
				B66855DB1A7BDFC700C52967 /* Supporting Files */,
			);
			path = 9TimesTablesTests;
			sourceTree = "<group>";
		};
		B66855DB1A7BDFC700C52967 /* Supporting Files */ = {
			isa = PBXGroup;
			children = (
				B66855DC1A7BDFC700C52967 /* Info.plist */,
			);
			name = "Supporting Files";
			sourceTree = "<group>";
		};
/* End PBXGroup section */

/* Begin PBXNativeTarget section */
		B66855C11A7BDFC600C52967 /* 9TimesTables */ = {
			isa = PBXNativeTarget;
			buildConfigurationList = B66855E11A7BDFC700C52967 /* Build configuration list for PBXNativeTarget "9TimesTables" */;
			buildPhases = (
				B66855BE1A7BDFC600C52967 /* Sources */,
				B66855BF1A7BDFC600C52967 /* Frameworks */,
				B66855C01A7BDFC600C52967 /* Resources */,
			);
			buildRules = (
			);
			dependencies = (
			);
			name = 9TimesTables;
			productName = 9TimesTables;
			productReference = B66855C21A7BDFC600C52967 /* 9TimesTables.app */;
			productType = "com.apple.product-type.application";
		};
		B66855D61A7BDFC700C52967 /* 9TimesTablesTests */ = {
			isa = PBXNativeTarget;
			buildConfigurationList = B66855E41A7BDFC700C52967 /* Build configuration list for PBXNativeTarget "9TimesTablesTests" */;
			buildPhases = (
				B66855D31A7BDFC700C52967 /* Sources */,
				B66855D41A7BDFC700C52967 /* Frameworks */,
				B66855D51A7BDFC700C52967 /* Resources */,
			);
			buildRules = (
			);
			dependencies = (
				B66855D91A7BDFC700C52967 /* PBXTargetDependency */,
			);
			name = 9TimesTablesTests;
			productName = 9TimesTablesTests;
			productReference = B66855D71A7BDFC700C52967 /* 9TimesTablesTests.xctest */;
			productType = "com.apple.product-type.bundle.unit-test";
		};
/* End PBXNativeTarget section */

/* Begin PBXProject section */
		B66855BA1A7BDFC600C52967 /* Project object */ = {
			isa = PBXProject;
			attributes = {
				LastUpgradeCheck = 0610;
				ORGANIZATIONNAME = "Bobby Towers";
				TargetAttributes = {
					B66855C11A7BDFC600C52967 = {
						CreatedOnToolsVersion = 6.1.1;
					};
					B66855D61A7BDFC700C52967 = {
						CreatedOnToolsVersion = 6.1.1;
						TestTargetID = B66855C11A7BDFC600C52967;
					};
				};
			};
			buildConfigurationList = B66855BD1A7BDFC600C52967 /* Build configuration list for PBXProject "9TimesTables" */;
			compatibilityVersion = "Xcode 3.2";
			developmentRegion = English;
			hasScannedForEncodings = 0;
			knownRegions = (
				en,
				Base,
			);
			mainGroup = B66855B91A7BDFC600C52967;
			productRefGroup = B66855C31A7BDFC600C52967 /* Products */;
			projectDirPath = "";
			projectRoot = "";
			targets = (
				B66855C11A7BDFC600C52967 /* 9TimesTables */,
				B66855D61A7BDFC700C52967 /* 9TimesTablesTests */,
			);
		};
/* End PBXProject section */

/* Begin PBXResourcesBuildPhase section */
		B66855C01A7BDFC600C52967 /* Resources */ = {
			isa = PBXResourcesBuildPhase;
			buildActionMask = 2147483647;
			files = (
				B66855CD1A7BDFC700C52967 /* Main.storyboard in Resources */,
				B66855D21A7BDFC700C52967 /* LaunchScreen.xib in Resources */,
				B66855CF1A7BDFC700C52967 /* Images.xcassets in Resources */,
			);
			runOnlyForDeploymentPostprocessing = 0;
		};
		B66855D51A7BDFC700C52967 /* Resources */ = {
			isa = PBXResourcesBuildPhase;
			buildActionMask = 2147483647;
			files = (
			);
			runOnlyForDeploymentPostprocessing = 0;
		};
/* End PBXResourcesBuildPhase section */

/* Begin PBXSourcesBuildPhase section */
		B66855BE1A7BDFC600C52967 /* Sources */ = {
			isa = PBXSourcesBuildPhase;
			buildActionMask = 2147483647;
			files = (
				B66855CA1A7BDFC600C52967 /* ViewController.swift in Sources */,
				B66855C81A7BDFC600C52967 /* AppDelegate.swift in Sources */,
			);
			runOnlyForDeploymentPostprocessing = 0;
		};
		B66855D31A7BDFC700C52967 /* Sources */ = {
			isa = PBXSourcesBuildPhase;
			buildActionMask = 2147483647;
			files = (
				B66855DE1A7BDFC700C52967 /* _TimesTablesTests.swift in Sources */,
			);
			runOnlyForDeploymentPostprocessing = 0;
		};
/* End PBXSourcesBuildPhase section */

/* Begin PBXTargetDependency section */
		B66855D91A7BDFC700C52967 /* PBXTargetDependency */ = {
			isa = PBXTargetDependency;
			target = B66855C11A7BDFC600C52967 /* 9TimesTables */;
			targetProxy = B66855D81A7BDFC700C52967 /* PBXContainerItemProxy */;
		};
/* End PBXTargetDependency section */

/* Begin PBXVariantGroup section */
		B66855CB1A7BDFC700C52967 /* Main.storyboard */ = {
			isa = PBXVariantGroup;
			children = (
				B66855CC1A7BDFC700C52967 /* Base */,
			);
			name = Main.storyboard;
			sourceTree = "<group>";
		};
		B66855D01A7BDFC700C52967 /* LaunchScreen.xib */ = {
			isa = PBXVariantGroup;
			children = (
				B66855D11A7BDFC700C52967 /* Base */,
			);
			name = LaunchScreen.xib;
			sourceTree = "<group>";
		};
/* End PBXVariantGroup section */

/* Begin XCBuildConfiguration section */
		B66855DF1A7BDFC700C52967 /* Debug */ = {
			isa = XCBuildConfiguration;
			buildSettings = {
				ALWAYS_SEARCH_USER_PATHS = NO;
				CLANG_CXX_LANGUAGE_STANDARD = "gnu++0x";
				CLANG_CXX_LIBRARY = "libc++";
				CLANG_ENABLE_MODULES = YES;
				CLANG_ENABLE_OBJC_ARC = YES;
				CLANG_WARN_BOOL_CONVERSION = YES;
				CLANG_WARN_CONSTANT_CONVERSION = YES;
				CLANG_WARN_DIRECT_OBJC_ISA_USAGE = YES_ERROR;
				CLANG_WARN_EMPTY_BODY = YES;
				CLANG_WARN_ENUM_CONVERSION = YES;
				CLANG_WARN_INT_CONVERSION = YES;
				CLANG_WARN_OBJC_ROOT_CLASS = YES_ERROR;
				CLANG_WARN_UNREACHABLE_CODE = YES;
				CLANG_WARN__DUPLICATE_METHOD_MATCH = YES;
				"CODE_SIGN_IDENTITY[sdk=iphoneos*]" = "iPhone Developer";
				COPY_PHASE_STRIP = NO;
				ENABLE_STRICT_OBJC_MSGSEND = YES;
				GCC_C_LANGUAGE_STANDARD = gnu99;
				GCC_DYNAMIC_NO_PIC = NO;
				GCC_OPTIMIZATION_LEVEL = 0;
				GCC_PREPROCESSOR_DEFINITIONS = (
					"DEBUG=1",
					"$(inherited)",
				);
				GCC_SYMBOLS_PRIVATE_EXTERN = NO;
				GCC_WARN_64_TO_32_BIT_CONVERSION = YES;
				GCC_WARN_ABOUT_RETURN_TYPE = YES_ERROR;
				GCC_WARN_UNDECLARED_SELECTOR = YES;
				GCC_WARN_UNINITIALIZED_AUTOS = YES_AGGRESSIVE;
				GCC_WARN_UNUSED_FUNCTION = YES;
				GCC_WARN_UNUSED_VARIABLE = YES;
				IPHONEOS_DEPLOYMENT_TARGET = 8.1;
				MTL_ENABLE_DEBUG_INFO = YES;
				ONLY_ACTIVE_ARCH = YES;
				SDKROOT = iphoneos;
				SWIFT_OPTIMIZATION_LEVEL = "-Onone";
			};
			name = Debug;
		};
		B66855E01A7BDFC700C52967 /* Release */ = {
			isa = XCBuildConfiguration;
			buildSettings = {
				ALWAYS_SEARCH_USER_PATHS = NO;
				CLANG_CXX_LANGUAGE_STANDARD = "gnu++0x";
				CLANG_CXX_LIBRARY = "libc++";
				CLANG_ENABLE_MODULES = YES;
				CLANG_ENABLE_OBJC_ARC = YES;
				CLANG_WARN_BOOL_CONVERSION = YES;
				CLANG_WARN_CONSTANT_CONVERSION = YES;
				CLANG_WARN_DIRECT_OBJC_ISA_USAGE = YES_ERROR;
				CLANG_WARN_EMPTY_BODY = YES;
				CLANG_WARN_ENUM_CONVERSION = YES;
				CLANG_WARN_INT_CONVERSION = YES;
				CLANG_WARN_OBJC_ROOT_CLASS = YES_ERROR;
				CLANG_WARN_UNREACHABLE_CODE = YES;
				CLANG_WARN__DUPLICATE_METHOD_MATCH = YES;
				"CODE_SIGN_IDENTITY[sdk=iphoneos*]" = "iPhone Developer";
				COPY_PHASE_STRIP = YES;
				ENABLE_NS_ASSERTIONS = NO;
				ENABLE_STRICT_OBJC_MSGSEND = YES;
				GCC_C_LANGUAGE_STANDARD = gnu99;
				GCC_WARN_64_TO_32_BIT_CONVERSION = YES;
				GCC_WARN_ABOUT_RETURN_TYPE = YES_ERROR;
				GCC_WARN_UNDECLARED_SELECTOR = YES;
				GCC_WARN_UNINITIALIZED_AUTOS = YES_AGGRESSIVE;
				GCC_WARN_UNUSED_FUNCTION = YES;
				GCC_WARN_UNUSED_VARIABLE = YES;
				IPHONEOS_DEPLOYMENT_TARGET = 8.1;
				MTL_ENABLE_DEBUG_INFO = NO;
				SDKROOT = iphoneos;
				VALIDATE_PRODUCT = YES;
			};
			name = Release;
		};
		B66855E21A7BDFC700C52967 /* Debug */ = {
			isa = XCBuildConfiguration;
			buildSettings = {
				ASSETCATALOG_COMPILER_APPICON_NAME = AppIcon;
				INFOPLIST_FILE = 9TimesTables/Info.plist;
				LD_RUNPATH_SEARCH_PATHS = "$(inherited) @executable_path/Frameworks";
				PRODUCT_NAME = "$(TARGET_NAME)";
			};
			name = Debug;
		};
		B66855E31A7BDFC700C52967 /* Release */ = {
			isa = XCBuildConfiguration;
			buildSettings = {
				ASSETCATALOG_COMPILER_APPICON_NAME = AppIcon;
				INFOPLIST_FILE = 9TimesTables/Info.plist;
				LD_RUNPATH_SEARCH_PATHS = "$(inherited) @executable_path/Frameworks";
				PRODUCT_NAME = "$(TARGET_NAME)";
			};
			name = Release;
		};
		B66855E51A7BDFC700C52967 /* Debug */ = {
			isa = XCBuildConfiguration;
			buildSettings = {
				BUNDLE_LOADER = "$(TEST_HOST)";
				FRAMEWORK_SEARCH_PATHS = (
					"$(SDKROOT)/Developer/Library/Frameworks",
					"$(inherited)",
				);
				GCC_PREPROCESSOR_DEFINITIONS = (
					"DEBUG=1",
					"$(inherited)",
				);
				INFOPLIST_FILE = 9TimesTablesTests/Info.plist;
				LD_RUNPATH_SEARCH_PATHS = "$(inherited) @executable_path/Frameworks @loader_path/Frameworks";
				PRODUCT_NAME = "$(TARGET_NAME)";
				TEST_HOST = "$(BUILT_PRODUCTS_DIR)/9TimesTables.app/9TimesTables";
			};
			name = Debug;
		};
		B66855E61A7BDFC700C52967 /* Release */ = {
			isa = XCBuildConfiguration;
			buildSettings = {
				BUNDLE_LOADER = "$(TEST_HOST)";
				FRAMEWORK_SEARCH_PATHS = (
					"$(SDKROOT)/Developer/Library/Frameworks",
					"$(inherited)",
				);
				INFOPLIST_FILE = 9TimesTablesTests/Info.plist;
				LD_RUNPATH_SEARCH_PATHS = "$(inherited) @executable_path/Frameworks @loader_path/Frameworks";
				PRODUCT_NAME = "$(TARGET_NAME)";
				TEST_HOST = "$(BUILT_PRODUCTS_DIR)/9TimesTables.app/9TimesTables";
			};
			name = Release;
		};
/* End XCBuildConfiguration section */

/* Begin XCConfigurationList section */
		B66855BD1A7BDFC600C52967 /* Build configuration list for PBXProject "9TimesTables" */ = {
			isa = XCConfigurationList;
			buildConfigurations = (
				B66855DF1A7BDFC700C52967 /* Debug */,
				B66855E01A7BDFC700C52967 /* Release */,
			);
			defaultConfigurationIsVisible = 0;
			defaultConfigurationName = Release;
		};
		B66855E11A7BDFC700C52967 /* Build configuration list for PBXNativeTarget "9TimesTables" */ = {
			isa = XCConfigurationList;
			buildConfigurations = (
				B66855E21A7BDFC700C52967 /* Debug */,
				B66855E31A7BDFC700C52967 /* Release */,
			);
			defaultConfigurationIsVisible = 0;
		};
		B66855E41A7BDFC700C52967 /* Build configuration list for PBXNativeTarget "9TimesTablesTests" */ = {
			isa = XCConfigurationList;
			buildConfigurations = (
				B66855E51A7BDFC700C52967 /* Debug */,
				B66855E61A7BDFC700C52967 /* Release */,
			);
			defaultConfigurationIsVisible = 0;
		};
/* End XCConfigurationList section */
	};
	rootObject = B66855BA1A7BDFC600C52967 /* Project object */;
}
