// !$*UTF8*$!
{
	archiveVersion = 1;
	classes = {
	};
	objectVersion = 46;
	objects = {

/* Begin PBXBuildFile section */
		B60E70FB1A7139F400AFAAB2 /* main.m in Sources */ = {isa = PBXBuildFile; fileRef = B60E70FA1A7139F400AFAAB2 /* main.m */; };
		B60E71581A717AF100AFAAB2 /* libreadline.dylib in Frameworks */ = {isa = PBXBuildFile; fileRef = B60E71571A717AF100AFAAB2 /* libreadline.dylib */; };
/* End PBXBuildFile section */

/* Begin PBXCopyFilesBuildPhase section */
		B60E70F51A7139F400AFAAB2 /* CopyFiles */ = {
			isa = PBXCopyFilesBuildPhase;
			buildActionMask = 2147483647;
			dstPath = /usr/share/man/man1/;
			dstSubfolderSpec = 0;
			files = (
			);
			runOnlyForDeploymentPostprocessing = 1;
		};
/* End PBXCopyFilesBuildPhase section */

/* Begin PBXFileReference section */
		B60E70F71A7139F400AFAAB2 /* StringsChallengeReadLine */ = {isa = PBXFileReference; explicitFileType = "compiled.mach-o.executable"; includeInIndex = 0; path = StringsChallengeReadLine; sourceTree = BUILT_PRODUCTS_DIR; };
		B60E70FA1A7139F400AFAAB2 /* main.m */ = {isa = PBXFileReference; lastKnownFileType = sourcecode.c.objc; path = main.m; sourceTree = "<group>"; };
		B60E71571A717AF100AFAAB2 /* libreadline.dylib */ = {isa = PBXFileReference; lastKnownFileType = "compiled.mach-o.dylib"; name = libreadline.dylib; path = usr/lib/libreadline.dylib; sourceTree = SDKROOT; };
/* End PBXFileReference section */

/* Begin PBXFrameworksBuildPhase section */
		B60E70F41A7139F400AFAAB2 /* Frameworks */ = {
			isa = PBXFrameworksBuildPhase;
			buildActionMask = 2147483647;
			files = (
				B60E71581A717AF100AFAAB2 /* libreadline.dylib in Frameworks */,
			);
			runOnlyForDeploymentPostprocessing = 0;
		};
/* End PBXFrameworksBuildPhase section */

/* Begin PBXGroup section */
		B60E70EE1A7139F400AFAAB2 = {
			isa = PBXGroup;
			children = (
				B60E71571A717AF100AFAAB2 /* libreadline.dylib */,
				B60E70F91A7139F400AFAAB2 /* StringsChallengeReadLine */,
				B60E70F81A7139F400AFAAB2 /* Products */,
			);
			sourceTree = "<group>";
		};
		B60E70F81A7139F400AFAAB2 /* Products */ = {
			isa = PBXGroup;
			children = (
				B60E70F71A7139F400AFAAB2 /* StringsChallengeReadLine */,
			);
			name = Products;
			sourceTree = "<group>";
		};
		B60E70F91A7139F400AFAAB2 /* StringsChallengeReadLine */ = {
			isa = PBXGroup;
			children = (
				B60E70FA1A7139F400AFAAB2 /* main.m */,
			);
			path = StringsChallengeReadLine;
			sourceTree = "<group>";
		};
/* End PBXGroup section */

/* Begin PBXNativeTarget section */
		B60E70F61A7139F400AFAAB2 /* StringsChallengeReadLine */ = {
			isa = PBXNativeTarget;
			buildConfigurationList = B60E70FE1A7139F400AFAAB2 /* Build configuration list for PBXNativeTarget "StringsChallengeReadLine" */;
			buildPhases = (
				B60E70F31A7139F400AFAAB2 /* Sources */,
				B60E70F41A7139F400AFAAB2 /* Frameworks */,
				B60E70F51A7139F400AFAAB2 /* CopyFiles */,
			);
			buildRules = (
			);
			dependencies = (
			);
			name = StringsChallengeReadLine;
			productName = StringsChallengeReadLine;
			productReference = B60E70F71A7139F400AFAAB2 /* StringsChallengeReadLine */;
			productType = "com.apple.product-type.tool";
		};
/* End PBXNativeTarget section */

/* Begin PBXProject section */
		B60E70EF1A7139F400AFAAB2 /* Project object */ = {
			isa = PBXProject;
			attributes = {
				LastUpgradeCheck = 0610;
				ORGANIZATIONNAME = "Bobby Towers";
				TargetAttributes = {
					B60E70F61A7139F400AFAAB2 = {
						CreatedOnToolsVersion = 6.1.1;
					};
				};
			};
			buildConfigurationList = B60E70F21A7139F400AFAAB2 /* Build configuration list for PBXProject "StringsChallengeReadLine" */;
			compatibilityVersion = "Xcode 3.2";
			developmentRegion = English;
			hasScannedForEncodings = 0;
			knownRegions = (
				en,
			);
			mainGroup = B60E70EE1A7139F400AFAAB2;
			productRefGroup = B60E70F81A7139F400AFAAB2 /* Products */;
			projectDirPath = "";
			projectRoot = "";
			targets = (
				B60E70F61A7139F400AFAAB2 /* StringsChallengeReadLine */,
			);
		};
/* End PBXProject section */

/* Begin PBXSourcesBuildPhase section */
		B60E70F31A7139F400AFAAB2 /* Sources */ = {
			isa = PBXSourcesBuildPhase;
			buildActionMask = 2147483647;
			files = (
				B60E70FB1A7139F400AFAAB2 /* main.m in Sources */,
			);
			runOnlyForDeploymentPostprocessing = 0;
		};
/* End PBXSourcesBuildPhase section */

/* Begin XCBuildConfiguration section */
		B60E70FC1A7139F400AFAAB2 /* Debug */ = {
			isa = XCBuildConfiguration;
			buildSettings = {
				ALWAYS_SEARCH_USER_PATHS = NO;
				CLANG_CXX_LANGUAGE_STANDARD = "gnu++0x";
				CLANG_CXX_LIBRARY = "libc++";
				CLANG_ENABLE_MODULES = YES;
				CLANG_ENABLE_OBJC_ARC = YES;
				CLANG_WARN_BOOL_CONVERSION = YES;
				CLANG_WARN_CONSTANT_CONVERSION = YES;
				CLANG_WARN_DIRECT_OBJC_ISA_USAGE = YES_ERROR;
				CLANG_WARN_EMPTY_BODY = YES;
				CLANG_WARN_ENUM_CONVERSION = YES;
				CLANG_WARN_INT_CONVERSION = YES;
				CLANG_WARN_OBJC_ROOT_CLASS = YES_ERROR;
				CLANG_WARN_UNREACHABLE_CODE = YES;
				CLANG_WARN__DUPLICATE_METHOD_MATCH = YES;
				COPY_PHASE_STRIP = NO;
				ENABLE_STRICT_OBJC_MSGSEND = YES;
				GCC_C_LANGUAGE_STANDARD = gnu99;
				GCC_DYNAMIC_NO_PIC = NO;
				GCC_OPTIMIZATION_LEVEL = 0;
				GCC_PREPROCESSOR_DEFINITIONS = (
					"DEBUG=1",
					"$(inherited)",
				);
				GCC_SYMBOLS_PRIVATE_EXTERN = NO;
				GCC_WARN_64_TO_32_BIT_CONVERSION = YES;
				GCC_WARN_ABOUT_RETURN_TYPE = YES_ERROR;
				GCC_WARN_UNDECLARED_SELECTOR = YES;
				GCC_WARN_UNINITIALIZED_AUTOS = YES_AGGRESSIVE;
				GCC_WARN_UNUSED_FUNCTION = YES;
				GCC_WARN_UNUSED_VARIABLE = YES;
				MACOSX_DEPLOYMENT_TARGET = 10.9;
				MTL_ENABLE_DEBUG_INFO = YES;
				ONLY_ACTIVE_ARCH = YES;
				SDKROOT = macosx;
			};
			name = Debug;
		};
		B60E70FD1A7139F400AFAAB2 /* Release */ = {
			isa = XCBuildConfiguration;
			buildSettings = {
				ALWAYS_SEARCH_USER_PATHS = NO;
				CLANG_CXX_LANGUAGE_STANDARD = "gnu++0x";
				CLANG_CXX_LIBRARY = "libc++";
				CLANG_ENABLE_MODULES = YES;
				CLANG_ENABLE_OBJC_ARC = YES;
				CLANG_WARN_BOOL_CONVERSION = YES;
				CLANG_WARN_CONSTANT_CONVERSION = YES;
				CLANG_WARN_DIRECT_OBJC_ISA_USAGE = YES_ERROR;
				CLANG_WARN_EMPTY_BODY = YES;
				CLANG_WARN_ENUM_CONVERSION = YES;
				CLANG_WARN_INT_CONVERSION = YES;
				CLANG_WARN_OBJC_ROOT_CLASS = YES_ERROR;
				CLANG_WARN_UNREACHABLE_CODE = YES;
				CLANG_WARN__DUPLICATE_METHOD_MATCH = YES;
				COPY_PHASE_STRIP = YES;
				DEBUG_INFORMATION_FORMAT = "dwarf-with-dsym";
				ENABLE_NS_ASSERTIONS = NO;
				ENABLE_STRICT_OBJC_MSGSEND = YES;
				GCC_C_LANGUAGE_STANDARD = gnu99;
				GCC_WARN_64_TO_32_BIT_CONVERSION = YES;
				GCC_WARN_ABOUT_RETURN_TYPE = YES_ERROR;
				GCC_WARN_UNDECLARED_SELECTOR = YES;
				GCC_WARN_UNINITIALIZED_AUTOS = YES_AGGRESSIVE;
				GCC_WARN_UNUSED_FUNCTION = YES;
				GCC_WARN_UNUSED_VARIABLE = YES;
				MACOSX_DEPLOYMENT_TARGET = 10.9;
				MTL_ENABLE_DEBUG_INFO = NO;
				SDKROOT = macosx;
			};
			name = Release;
		};
		B60E70FF1A7139F400AFAAB2 /* Debug */ = {
			isa = XCBuildConfiguration;
			buildSettings = {
				PRODUCT_NAME = "$(TARGET_NAME)";
			};
			name = Debug;
		};
		B60E71001A7139F400AFAAB2 /* Release */ = {
			isa = XCBuildConfiguration;
			buildSettings = {
				PRODUCT_NAME = "$(TARGET_NAME)";
			};
			name = Release;
		};
/* End XCBuildConfiguration section */

/* Begin XCConfigurationList section */
		B60E70F21A7139F400AFAAB2 /* Build configuration list for PBXProject "StringsChallengeReadLine" */ = {
			isa = XCConfigurationList;
			buildConfigurations = (
				B60E70FC1A7139F400AFAAB2 /* Debug */,
				B60E70FD1A7139F400AFAAB2 /* Release */,
			);
			defaultConfigurationIsVisible = 0;
			defaultConfigurationName = Release;
		};
		B60E70FE1A7139F400AFAAB2 /* Build configuration list for PBXNativeTarget "StringsChallengeReadLine" */ = {
			isa = XCConfigurationList;
			buildConfigurations = (
				B60E70FF1A7139F400AFAAB2 /* Debug */,
				B60E71001A7139F400AFAAB2 /* Release */,
			);
			defaultConfigurationIsVisible = 0;
		};
/* End XCConfigurationList section */
	};
	rootObject = B60E70EF1A7139F400AFAAB2 /* Project object */;
}
